
Microsoft Visual Studio Solution File, Format Version 12.00
# Visual Studio 15
VisualStudioVersion = 15.0.28307.329
MinimumVisualStudioVersion = 10.0.40219.1
Project("{FAE04EC0-301F-11D3-BF4B-00C04F79EFBC}") = "excel_loader_cs", "excel_loader_cs\excel_loader_cs.csproj", "{67916061-6309-403F-A178-B968908B3177}"
EndProject
Global
	GlobalSection(SolutionConfigurationPlatforms) = preSolution
		Debug|Any CPU = Debug|Any CPU
		Release|Any CPU = Release|Any CPU
	EndGlobalSection
	GlobalSection(ProjectConfigurationPlatforms) = postSolution
		{67916061-6309-403F-A178-B968908B3177}.Debug|Any CPU.ActiveCfg = Debug|Any CPU
		{67916061-6309-403F-A178-B968908B3177}.Debug|Any CPU.Build.0 = Debug|Any CPU
		{67916061-6309-403F-A178-B968908B3177}.Release|Any CPU.ActiveCfg = Release|Any CPU
		{67916061-6309-403F-A178-B968908B3177}.Release|Any CPU.Build.0 = Release|Any CPU
	EndGlobalSection
	GlobalSection(SolutionProperties) = preSolution
		HideSolutionNode = FALSE
	EndGlobalSection
	GlobalSection(ExtensibilityGlobals) = postSolution
		SolutionGuid = {083F13B9-36AD-4179-961E-5D02C8E9ABC5}
	EndGlobalSection
EndGlobal
